Microsoft Visual Studio Solution File, Format Version 12.00
# Visual Studio 2012
Project("{FAE04EC0-301F-11D3-BF4B-00C04F79EFBC}") = "Threadbound", "Threadbound.csproj", "{DE71B3CD-95E2-4132-9103-91CAB64AAF3F}"
EndProject
Global
	GlobalSection(SolutionConfigurationPlatforms) = preSolution
	Debug|Any CPU = Debug|Any CPU
	ExportDebug|Any CPU = ExportDebug|Any CPU
	ExportRelease|Any CPU = ExportRelease|Any CPU
	EndGlobalSection
	GlobalSection(ProjectConfigurationPlatforms) = postSolution
		{DE71B3CD-95E2-4132-9103-91CAB64AAF3F}.Debug|Any CPU.ActiveCfg = Debug|Any CPU
		{DE71B3CD-95E2-4132-9103-91CAB64AAF3F}.Debug|Any CPU.Build.0 = Debug|Any CPU
		{DE71B3CD-95E2-4132-9103-91CAB64AAF3F}.ExportDebug|Any CPU.ActiveCfg = ExportDebug|Any CPU
		{DE71B3CD-95E2-4132-9103-91CAB64AAF3F}.ExportDebug|Any CPU.Build.0 = ExportDebug|Any CPU
		{DE71B3CD-95E2-4132-9103-91CAB64AAF3F}.ExportRelease|Any CPU.ActiveCfg = ExportRelease|Any CPU
		{DE71B3CD-95E2-4132-9103-91CAB64AAF3F}.ExportRelease|Any CPU.Build.0 = ExportRelease|Any CPU
	EndGlobalSection
EndGlobal
